
Microsoft Visual Studio Solution File, Format Version 12.00
# Visual Studio Version 16
VisualStudioVersion = 16.0.31205.134
MinimumVisualStudioVersion = 10.0.40219.1
Project("{8BC9CEB8-8B4A-11D0-8D11-00A0C91BC942}") = "计算求和", "计算求和\计算求和.vcxproj", "{46F3A4EE-901C-49B0-9E40-63073962AC72}"
EndProject
Global
	GlobalSection(SolutionConfigurationPlatforms) = preSolution
		Debug|x64 = Debug|x64
		Debug|x86 = Debug|x86
		Release|x64 = Release|x64
		Release|x86 = Release|x86
	EndGlobalSection
	GlobalSection(ProjectConfigurationPlatforms) = postSolution
		{46F3A4EE-901C-49B0-9E40-63073962AC72}.Debug|x64.ActiveCfg = Debug|x64
		{46F3A4EE-901C-49B0-9E40-63073962AC72}.Debug|x64.Build.0 = Debug|x64
		{46F3A4EE-901C-49B0-9E40-63073962AC72}.Debug|x86.ActiveCfg = Debug|Win32
		{46F3A4EE-901C-49B0-9E40-63073962AC72}.Debug|x86.Build.0 = Debug|Win32
		{46F3A4EE-901C-49B0-9E40-63073962AC72}.Release|x64.ActiveCfg = Release|x64
		{46F3A4EE-901C-49B0-9E40-63073962AC72}.Release|x64.Build.0 = Release|x64
		{46F3A4EE-901C-49B0-9E40-63073962AC72}.Release|x86.ActiveCfg = Release|Win32
		{46F3A4EE-901C-49B0-9E40-63073962AC72}.Release|x86.Build.0 = Release|Win32
	EndGlobalSection
	GlobalSection(SolutionProperties) = preSolution
		HideSolutionNode = FALSE
	EndGlobalSection
	GlobalSection(ExtensibilityGlobals) = postSolution
		SolutionGuid = {6939BD9D-F0A2-42CF-9CEF-752D1D744D9F}
	EndGlobalSection
EndGlobal
